
Microsoft Visual Studio Solution File, Format Version 12.00
# Visual Studio Version 16
VisualStudioVersion = 16.0.31729.503
MinimumVisualStudioVersion = 10.0.40219.1
Project("{9A19103F-16F7-4668-BE54-9A1E7A4F7556}") = "LifeLoja", "LifeLoja\LifeLoja.csproj", "{13AE0337-AF56-4B5C-937A-34CA9949F733}"
EndProject
Project("{9A19103F-16F7-4668-BE54-9A1E7A4F7556}") = "LojaLife.Tests", "LojaLife.Tests\LojaLife.Tests.csproj", "{445D4EA2-416F-4151-B10F-B5BC318C42C6}"
EndProject
Project("{9A19103F-16F7-4668-BE54-9A1E7A4F7556}") = "ProdutoFakeData", "Produtos.FakeData\ProdutoFakeData.csproj", "{39EB90F3-1A36-4389-AD92-4B6F1B6257FE}"
EndProject
Project("{2150E333-8FDC-42A3-9474-1A3956D46DE8}") = "Testes", "Testes", "{E79219EA-F0A5-4B7C-8FDC-04A60AAA46AB}"
EndProject
Global
	GlobalSection(SolutionConfigurationPlatforms) = preSolution
		Debug|Any CPU = Debug|Any CPU
		Release|Any CPU = Release|Any CPU
	EndGlobalSection
	GlobalSection(ProjectConfigurationPlatforms) = postSolution
		{13AE0337-AF56-4B5C-937A-34CA9949F733}.Debug|Any CPU.ActiveCfg = Debug|Any CPU
		{13AE0337-AF56-4B5C-937A-34CA9949F733}.Debug|Any CPU.Build.0 = Debug|Any CPU
		{13AE0337-AF56-4B5C-937A-34CA9949F733}.Release|Any CPU.ActiveCfg = Release|Any CPU
		{13AE0337-AF56-4B5C-937A-34CA9949F733}.Release|Any CPU.Build.0 = Release|Any CPU
		{445D4EA2-416F-4151-B10F-B5BC318C42C6}.Debug|Any CPU.ActiveCfg = Debug|Any CPU
		{445D4EA2-416F-4151-B10F-B5BC318C42C6}.Debug|Any CPU.Build.0 = Debug|Any CPU
		{445D4EA2-416F-4151-B10F-B5BC318C42C6}.Release|Any CPU.ActiveCfg = Release|Any CPU
		{445D4EA2-416F-4151-B10F-B5BC318C42C6}.Release|Any CPU.Build.0 = Release|Any CPU
		{39EB90F3-1A36-4389-AD92-4B6F1B6257FE}.Debug|Any CPU.ActiveCfg = Debug|Any CPU
		{39EB90F3-1A36-4389-AD92-4B6F1B6257FE}.Debug|Any CPU.Build.0 = Debug|Any CPU
		{39EB90F3-1A36-4389-AD92-4B6F1B6257FE}.Release|Any CPU.ActiveCfg = Release|Any CPU
		{39EB90F3-1A36-4389-AD92-4B6F1B6257FE}.Release|Any CPU.Build.0 = Release|Any CPU
	EndGlobalSection
	GlobalSection(SolutionProperties) = preSolution
		HideSolutionNode = FALSE
	EndGlobalSection
	GlobalSection(NestedProjects) = preSolution
		{445D4EA2-416F-4151-B10F-B5BC318C42C6} = {E79219EA-F0A5-4B7C-8FDC-04A60AAA46AB}
		{39EB90F3-1A36-4389-AD92-4B6F1B6257FE} = {E79219EA-F0A5-4B7C-8FDC-04A60AAA46AB}
	EndGlobalSection
	GlobalSection(ExtensibilityGlobals) = postSolution
		SolutionGuid = {79F09282-FE71-40A4-BF82-C3486901C6E8}
	EndGlobalSection
EndGlobal
